
Microsoft Visual Studio Solution File, Format Version 12.00
# Visual Studio 15
VisualStudioVersion = 15.0.27428.2011
MinimumVisualStudioVersion = 10.0.40219.1
Project("{9A19103F-16F7-4668-BE54-9A1E7A4F7556}") = "HTTPListenerSimple", "HTTPListenerSimple\HTTPListenerSimple.csproj", "{630E9ABE-1575-45CB-B5EA-3E4A22C3A037}"
EndProject
Project("{9A19103F-16F7-4668-BE54-9A1E7A4F7556}") = "RequestSenderSimple", "RequestSenderSimple\RequestSenderSimple.csproj", "{CD83CE7A-ED2C-4AD8-B9A7-989158432E9D}"
EndProject
Project("{E53339B2-1760-4266-BCC7-CA923CBCF16C}") = "docker-compose", "docker-compose.dcproj", "{966B6008-F78C-419E-B2A5-F30382564101}"
EndProject
Global
	GlobalSection(SolutionConfigurationPlatforms) = preSolution
		Debug|Any CPU = Debug|Any CPU
		Release|Any CPU = Release|Any CPU
	EndGlobalSection
	GlobalSection(ProjectConfigurationPlatforms) = postSolution
		{630E9ABE-1575-45CB-B5EA-3E4A22C3A037}.Debug|Any CPU.ActiveCfg = Debug|Any CPU
		{630E9ABE-1575-45CB-B5EA-3E4A22C3A037}.Debug|Any CPU.Build.0 = Debug|Any CPU
		{630E9ABE-1575-45CB-B5EA-3E4A22C3A037}.Release|Any CPU.ActiveCfg = Release|Any CPU
		{630E9ABE-1575-45CB-B5EA-3E4A22C3A037}.Release|Any CPU.Build.0 = Release|Any CPU
		{CD83CE7A-ED2C-4AD8-B9A7-989158432E9D}.Debug|Any CPU.ActiveCfg = Debug|Any CPU
		{CD83CE7A-ED2C-4AD8-B9A7-989158432E9D}.Debug|Any CPU.Build.0 = Debug|Any CPU
		{CD83CE7A-ED2C-4AD8-B9A7-989158432E9D}.Release|Any CPU.ActiveCfg = Release|Any CPU
		{CD83CE7A-ED2C-4AD8-B9A7-989158432E9D}.Release|Any CPU.Build.0 = Release|Any CPU
		{966B6008-F78C-419E-B2A5-F30382564101}.Debug|Any CPU.ActiveCfg = Debug|Any CPU
		{966B6008-F78C-419E-B2A5-F30382564101}.Debug|Any CPU.Build.0 = Debug|Any CPU
		{966B6008-F78C-419E-B2A5-F30382564101}.Release|Any CPU.ActiveCfg = Release|Any CPU
		{966B6008-F78C-419E-B2A5-F30382564101}.Release|Any CPU.Build.0 = Release|Any CPU
	EndGlobalSection
	GlobalSection(SolutionProperties) = preSolution
		HideSolutionNode = FALSE
	EndGlobalSection
	GlobalSection(ExtensibilityGlobals) = postSolution
		SolutionGuid = {B3AF8EC8-4401-4F03-9E4C-7A60541BF97F}
	EndGlobalSection
EndGlobal
